
Microsoft Visual Studio Solution File, Format Version 12.00
# Visual Studio Version 17
VisualStudioVersion = 17.13.35919.96 d17.13
MinimumVisualStudioVersion = 10.0.40219.1
Project("{FAE04EC0-301F-11D3-BF4B-00C04F79EFBC}") = "TP_Mascotas", "TP_Mascotas\TP_Mascotas.csproj", "{9B37AB95-E546-49B9-9B97-D0AF596867BA}"
EndProject
Global
	GlobalSection(SolutionConfigurationPlatforms) = preSolution
		Debug|Any CPU = Debug|Any CPU
		Release|Any CPU = Release|Any CPU
	EndGlobalSection
	GlobalSection(ProjectConfigurationPlatforms) = postSolution
		{9B37AB95-E546-49B9-9B97-D0AF596867BA}.Debug|Any CPU.ActiveCfg = Debug|Any CPU
		{9B37AB95-E546-49B9-9B97-D0AF596867BA}.Debug|Any CPU.Build.0 = Debug|Any CPU
		{9B37AB95-E546-49B9-9B97-D0AF596867BA}.Release|Any CPU.ActiveCfg = Release|Any CPU
		{9B37AB95-E546-49B9-9B97-D0AF596867BA}.Release|Any CPU.Build.0 = Release|Any CPU
	EndGlobalSection
	GlobalSection(SolutionProperties) = preSolution
		HideSolutionNode = FALSE
	EndGlobalSection
	GlobalSection(ExtensibilityGlobals) = postSolution
		SolutionGuid = {BF337E0D-2EEB-4193-B0CF-D96694E7AC9D}
	EndGlobalSection
EndGlobal
